{
  "requires": true,
  "lockfileVersion": 1,
  "dependencies": {
    "ngx-quill": {
      "version": "7.3.1",
      "resolved": "https://registry.npmjs.org/ngx-quill/-/ngx-quill-7.3.1.tgz",
      "integrity": "sha512-vHN/8OsX2P2P8mlnjdMrp0GL0j8r27kUcGpQ+gn3FQPRTxh5Ua4Ppogk0KAzy4NbdKiHCllW7xK9sJklwUVevA==",
      "requires": {
        "tslib": "^1.9.0"
      }
    },
    "tslib": {
      "version": "1.10.0",
      "resolved": "https://registry.npmjs.org/tslib/-/tslib-1.10.0.tgz",
      "integrity": "sha512-qOebF53frne81cf0S9B41ByenJ3/IuH8yJKngAX35CmiZySA0khhkovshKK+jGCaMnVomla7gVlIcc3EvKPbTQ=="
    }
  }
}
